
Microsoft Visual Studio Solution File, Format Version 12.00
# Visual Studio Version 17
VisualStudioVersion = 17.4.33213.308
MinimumVisualStudioVersion = 10.0.40219.1
Project("{FAE04EC0-301F-11D3-BF4B-00C04F79EFBC}") = "Dualog_Assignment", "Dualog_Assignment\Dualog_Assignment.csproj", "{B0D14C05-9D9A-42CA-A885-A236FE7E5E79}"
EndProject
Global
	GlobalSection(SolutionConfigurationPlatforms) = preSolution
		Debug|Any CPU = Debug|Any CPU
		Release|Any CPU = Release|Any CPU
	EndGlobalSection
	GlobalSection(ProjectConfigurationPlatforms) = postSolution
		{B0D14C05-9D9A-42CA-A885-A236FE7E5E79}.Debug|Any CPU.ActiveCfg = Debug|Any CPU
		{B0D14C05-9D9A-42CA-A885-A236FE7E5E79}.Debug|Any CPU.Build.0 = Debug|Any CPU
		{B0D14C05-9D9A-42CA-A885-A236FE7E5E79}.Release|Any CPU.ActiveCfg = Release|Any CPU
		{B0D14C05-9D9A-42CA-A885-A236FE7E5E79}.Release|Any CPU.Build.0 = Release|Any CPU
	EndGlobalSection
	GlobalSection(SolutionProperties) = preSolution
		HideSolutionNode = FALSE
	EndGlobalSection
	GlobalSection(ExtensibilityGlobals) = postSolution
		SolutionGuid = {CDB4AC0A-FCCC-41EE-AB73-648C08CE3EA5}
	EndGlobalSection
EndGlobal
